{
	"name": "dev",
	"lockfileVersion": 2,
	"requires": true,
	"packages": {
		"": {
			"license": "GPL-3.0",
			"dependencies": {
				"fluture": "^14.0.0",
				"fluture-sanctuary-types": "^7.1.0",
				"sanctuary": "^3.1.0"
			},
			"devDependencies": {
				"@types/sanctuary": "^3.0.3",
				"lazy-do": "^0.0.1",
				"node-fetch": "^3.2.3",
				"sanctuary-identity": "^2.1.0"
			}
		},
		"node_modules/@types/sanctuary": {
			"version": "3.0.3",
			"resolved": "https://registry.npmjs.org/@types/sanctuary/-/sanctuary-3.0.3.tgz",
			"integrity": "sha512-wFZi8pco9Ki454v8yAGOJV4DAT5J6nErPFaCnB4eakhnov1DQ8+pOWn9GiVGz4yfH1MDztko66cZ3WsdxvdUsQ==",
			"dev": true
		},
		"node_modules/data-uri-to-buffer": {
			"version": "4.0.0",
			"resolved": "https://registry.npmjs.org/data-uri-to-buffer/-/data-uri-to-buffer-4.0.0.tgz",
			"integrity": "sha512-Vr3mLBA8qWmcuschSLAOogKgQ/Jwxulv3RNE4FXnYWRGujzrRWQI4m12fQqRkwX06C0KanhLr4hK+GydchZsaA==",
			"dev": true,
			"engines": {
				"node": ">= 12"
			}
		},
		"node_modules/fetch-blob": {
			"version": "3.1.5",
			"resolved": "https://registry.npmjs.org/fetch-blob/-/fetch-blob-3.1.5.tgz",
			"integrity": "sha512-N64ZpKqoLejlrwkIAnb9iLSA3Vx/kjgzpcDhygcqJ2KKjky8nCgUQ+dzXtbrLaWZGZNmNfQTsiQ0weZ1svglHg==",
			"dev": true,
			"funding": [
				{
					"type": "github",
					"url": "https://github.com/sponsors/jimmywarting"
				},
				{
					"type": "paypal",
					"url": "https://paypal.me/jimmywarting"
				}
			],
			"dependencies": {
				"node-domexception": "^1.0.0",
				"web-streams-polyfill": "^3.0.3"
			},
			"engines": {
				"node": "^12.20 || >= 14.13"
			}
		},
		"node_modules/fluture": {
			"version": "14.0.0",
			"resolved": "https://registry.npmjs.org/fluture/-/fluture-14.0.0.tgz",
			"integrity": "sha512-pENtLF948a8DfduVKugT8edTAbFi4rBS94xjHwzLanQqIu5PYtLGl+xqs6H8TaIRL7z/B0cDpswdINzH/HRUGA==",
			"dependencies": {
				"sanctuary-show": "^2.0.0",
				"sanctuary-type-identifiers": "^3.0.0"
			},
			"engines": {
				"node": ">=4.0.0"
			}
		},
		"node_modules/fluture-sanctuary-types": {
			"version": "7.1.0",
			"resolved": "https://registry.npmjs.org/fluture-sanctuary-types/-/fluture-sanctuary-types-7.1.0.tgz",
			"integrity": "sha512-Fnpu/D+a9u4nlMplKKR6iRKZhauYhFUibR67WIZ03SQGe+SwyrY3JjFKJs1zEPtB5diFJ+0I6gA6ICIgAu8iFA==",
			"dependencies": {
				"sanctuary-type-identifiers": "^3.0.0"
			},
			"peerDependencies": {
				"fluture": ">=12.0.0-beta.6 <15.0.0",
				"sanctuary-def": ">=0.20.0 <0.23.0"
			}
		},
		"node_modules/formdata-polyfill": {
			"version": "4.0.10",
			"resolved": "https://registry.npmjs.org/formdata-polyfill/-/formdata-polyfill-4.0.10.tgz",
			"integrity": "sha512-buewHzMvYL29jdeQTVILecSaZKnt/RJWjoZCF5OW60Z67/GmSLBkOFM7qh1PI3zFNtJbaZL5eQu1vLfazOwj4g==",
			"dev": true,
			"dependencies": {
				"fetch-blob": "^3.1.2"
			},
			"engines": {
				"node": ">=12.20.0"
			}
		},
		"node_modules/lazy-do": {
			"version": "0.0.1",
			"resolved": "https://registry.npmjs.org/lazy-do/-/lazy-do-0.0.1.tgz",
			"integrity": "sha512-bPmPnqcLWpdLi8QvBpSqrXVNfgaof0mkT90+7gQi2tWT/ptNUjel6kYtt/rejcsJdukLUrL4Jwy3OTCJpi3GXw==",
			"dev": true
		},
		"node_modules/node-domexception": {
			"version": "1.0.0",
			"resolved": "https://registry.npmjs.org/node-domexception/-/node-domexception-1.0.0.tgz",
			"integrity": "sha512-/jKZoMpw0F8GRwl4/eLROPA3cfcXtLApP0QzLmUT/HuPCZWyB7IY9ZrMeKw2O/nFIqPQB3PVM9aYm0F312AXDQ==",
			"dev": true,
			"funding": [
				{
					"type": "github",
					"url": "https://github.com/sponsors/jimmywarting"
				},
				{
					"type": "github",
					"url": "https://paypal.me/jimmywarting"
				}
			],
			"engines": {
				"node": ">=10.5.0"
			}
		},
		"node_modules/node-fetch": {
			"version": "3.2.3",
			"resolved": "https://registry.npmjs.org/node-fetch/-/node-fetch-3.2.3.tgz",
			"integrity": "sha512-AXP18u4pidSZ1xYXRDPY/8jdv3RAozIt/WLNR/MBGZAz+xjtlr90RvCnsvHQRiXyWliZF/CpytExp32UU67/SA==",
			"dev": true,
			"dependencies": {
				"data-uri-to-buffer": "^4.0.0",
				"fetch-blob": "^3.1.4",
				"formdata-polyfill": "^4.0.10"
			},
			"engines": {
				"node": "^12.20.0 || ^14.13.1 || >=16.0.0"
			},
			"funding": {
				"type": "opencollective",
				"url": "https://opencollective.com/node-fetch"
			}
		},
		"node_modules/sanctuary": {
			"version": "3.1.0",
			"resolved": "https://registry.npmjs.org/sanctuary/-/sanctuary-3.1.0.tgz",
			"integrity": "sha512-yTpWmslb5Q2jXcHYeIfCzJksIpe3pngBaFBDpjdPXONWyVSB3hBVDZZ8EmitohaMZqjLB+JREeEL0YOVtdxILA==",
			"dependencies": {
				"sanctuary-def": "0.22.0",
				"sanctuary-either": "2.1.0",
				"sanctuary-maybe": "2.1.0",
				"sanctuary-pair": "2.1.0",
				"sanctuary-show": "2.0.0",
				"sanctuary-type-classes": "12.1.0",
				"sanctuary-type-identifiers": "3.0.0"
			}
		},
		"node_modules/sanctuary-def": {
			"version": "0.22.0",
			"resolved": "https://registry.npmjs.org/sanctuary-def/-/sanctuary-def-0.22.0.tgz",
			"integrity": "sha512-lywS27TfuPHzelMh6M1YWBcB//Lom4Gko/tGjKYbDPkPet1B5KplsSdjY+5sF4mwp6+PDUodsk/Y3Uskrc/ebw==",
			"dependencies": {
				"sanctuary-either": "2.1.0",
				"sanctuary-show": "2.0.0",
				"sanctuary-type-classes": "12.1.0",
				"sanctuary-type-identifiers": "3.0.0"
			}
		},
		"node_modules/sanctuary-either": {
			"version": "2.1.0",
			"resolved": "https://registry.npmjs.org/sanctuary-either/-/sanctuary-either-2.1.0.tgz",
			"integrity": "sha512-AsQCma2yGAVS7Dlxme/09NZWQfcXBNylVmkuvarp8uOe9otSwClOgQyyePN2OxO4hTf3Au1Ck4ggm+97Je06kA==",
			"dependencies": {
				"sanctuary-show": "2.0.0",
				"sanctuary-type-classes": "12.1.0"
			}
		},
		"node_modules/sanctuary-identity": {
			"version": "2.1.0",
			"resolved": "https://registry.npmjs.org/sanctuary-identity/-/sanctuary-identity-2.1.0.tgz",
			"integrity": "sha512-wAJBdEn1Oyv+grB4ouGv0P2eFfW+sWLlMTRq8JBKkXxc4VFbrU6VZvr3LCuPY95MH6zbKXZ38+aKhjFyf//cHw==",
			"dev": true,
			"dependencies": {
				"sanctuary-show": "2.0.0",
				"sanctuary-type-classes": "12.1.0"
			}
		},
		"node_modules/sanctuary-maybe": {
			"version": "2.1.0",
			"resolved": "https://registry.npmjs.org/sanctuary-maybe/-/sanctuary-maybe-2.1.0.tgz",
			"integrity": "sha512-xCmvaEkYaIz5klWUrsgvgORKTL3bVYxATp7HyGBY0ZCu9tHJtSYDTpwnqMkRknHFIU986Kr2M/dJdiFvuc6UCQ==",
			"dependencies": {
				"sanctuary-show": "2.0.0",
				"sanctuary-type-classes": "12.1.0"
			}
		},
		"node_modules/sanctuary-pair": {
			"version": "2.1.0",
			"resolved": "https://registry.npmjs.org/sanctuary-pair/-/sanctuary-pair-2.1.0.tgz",
			"integrity": "sha512-yY1JzzIJ/Ex7rjN8NmQLB7yv6GVzNeaMvxoYSW8w1ReLQI0n2sGOVCnAVipZuCv7wmfd+BavSXp59rklJeYytw==",
			"dependencies": {
				"sanctuary-show": "2.0.0",
				"sanctuary-type-classes": "12.1.0"
			}
		},
		"node_modules/sanctuary-show": {
			"version": "2.0.0",
			"resolved": "https://registry.npmjs.org/sanctuary-show/-/sanctuary-show-2.0.0.tgz",
			"integrity": "sha512-REj4ZiioUXnDLj6EpJ9HcYDIEGaEexmB9Fg5o6InZR9f0x5PfnnC21QeU9SZ9E7G8zXSZPNjy8VRUK4safbesw=="
		},
		"node_modules/sanctuary-type-classes": {
			"version": "12.1.0",
			"resolved": "https://registry.npmjs.org/sanctuary-type-classes/-/sanctuary-type-classes-12.1.0.tgz",
			"integrity": "sha512-oWP071Q88dEgJwxHLZp8tc7DoS+mWmYhYOuhP85zznPpIxV1ZjJfyRvcR59YCazyFxyFeBif7bJx1giLhDZW0Q==",
			"dependencies": {
				"sanctuary-type-identifiers": "3.0.0"
			}
		},
		"node_modules/sanctuary-type-identifiers": {
			"version": "3.0.0",
			"resolved": "https://registry.npmjs.org/sanctuary-type-identifiers/-/sanctuary-type-identifiers-3.0.0.tgz",
			"integrity": "sha512-YFXYcG0Ura1dSPd/1xLYtE2XAWUEsBHhMTZvYBOvwT8MeFQwdUOCMm2DC+r94z6H93FVq0qxDac8/D7QpJj6Mg=="
		},
		"node_modules/web-streams-polyfill": {
			"version": "3.2.0",
			"resolved": "https://registry.npmjs.org/web-streams-polyfill/-/web-streams-polyfill-3.2.0.tgz",
			"integrity": "sha512-EqPmREeOzttaLRm5HS7io98goBgZ7IVz79aDvqjD0kYXLtFZTc0T/U6wHTPKyIjb+MdN7DFIIX6hgdBEpWmfPA==",
			"dev": true,
			"engines": {
				"node": ">= 8"
			}
		}
	},
	"dependencies": {
		"@types/sanctuary": {
			"version": "3.0.3",
			"resolved": "https://registry.npmjs.org/@types/sanctuary/-/sanctuary-3.0.3.tgz",
			"integrity": "sha512-wFZi8pco9Ki454v8yAGOJV4DAT5J6nErPFaCnB4eakhnov1DQ8+pOWn9GiVGz4yfH1MDztko66cZ3WsdxvdUsQ==",
			"dev": true
		},
		"data-uri-to-buffer": {
			"version": "4.0.0",
			"resolved": "https://registry.npmjs.org/data-uri-to-buffer/-/data-uri-to-buffer-4.0.0.tgz",
			"integrity": "sha512-Vr3mLBA8qWmcuschSLAOogKgQ/Jwxulv3RNE4FXnYWRGujzrRWQI4m12fQqRkwX06C0KanhLr4hK+GydchZsaA==",
			"dev": true
		},
		"fetch-blob": {
			"version": "3.1.5",
			"resolved": "https://registry.npmjs.org/fetch-blob/-/fetch-blob-3.1.5.tgz",
			"integrity": "sha512-N64ZpKqoLejlrwkIAnb9iLSA3Vx/kjgzpcDhygcqJ2KKjky8nCgUQ+dzXtbrLaWZGZNmNfQTsiQ0weZ1svglHg==",
			"dev": true,
			"requires": {
				"node-domexception": "^1.0.0",
				"web-streams-polyfill": "^3.0.3"
			}
		},
		"fluture": {
			"version": "14.0.0",
			"resolved": "https://registry.npmjs.org/fluture/-/fluture-14.0.0.tgz",
			"integrity": "sha512-pENtLF948a8DfduVKugT8edTAbFi4rBS94xjHwzLanQqIu5PYtLGl+xqs6H8TaIRL7z/B0cDpswdINzH/HRUGA==",
			"requires": {
				"sanctuary-show": "^2.0.0",
				"sanctuary-type-identifiers": "^3.0.0"
			}
		},
		"fluture-sanctuary-types": {
			"version": "7.1.0",
			"resolved": "https://registry.npmjs.org/fluture-sanctuary-types/-/fluture-sanctuary-types-7.1.0.tgz",
			"integrity": "sha512-Fnpu/D+a9u4nlMplKKR6iRKZhauYhFUibR67WIZ03SQGe+SwyrY3JjFKJs1zEPtB5diFJ+0I6gA6ICIgAu8iFA==",
			"requires": {
				"sanctuary-type-identifiers": "^3.0.0"
			}
		},
		"formdata-polyfill": {
			"version": "4.0.10",
			"resolved": "https://registry.npmjs.org/formdata-polyfill/-/formdata-polyfill-4.0.10.tgz",
			"integrity": "sha512-buewHzMvYL29jdeQTVILecSaZKnt/RJWjoZCF5OW60Z67/GmSLBkOFM7qh1PI3zFNtJbaZL5eQu1vLfazOwj4g==",
			"dev": true,
			"requires": {
				"fetch-blob": "^3.1.2"
			}
		},
		"lazy-do": {
			"version": "0.0.1",
			"resolved": "https://registry.npmjs.org/lazy-do/-/lazy-do-0.0.1.tgz",
			"integrity": "sha512-bPmPnqcLWpdLi8QvBpSqrXVNfgaof0mkT90+7gQi2tWT/ptNUjel6kYtt/rejcsJdukLUrL4Jwy3OTCJpi3GXw==",
			"dev": true
		},
		"node-domexception": {
			"version": "1.0.0",
			"resolved": "https://registry.npmjs.org/node-domexception/-/node-domexception-1.0.0.tgz",
			"integrity": "sha512-/jKZoMpw0F8GRwl4/eLROPA3cfcXtLApP0QzLmUT/HuPCZWyB7IY9ZrMeKw2O/nFIqPQB3PVM9aYm0F312AXDQ==",
			"dev": true
		},
		"node-fetch": {
			"version": "3.2.3",
			"resolved": "https://registry.npmjs.org/node-fetch/-/node-fetch-3.2.3.tgz",
			"integrity": "sha512-AXP18u4pidSZ1xYXRDPY/8jdv3RAozIt/WLNR/MBGZAz+xjtlr90RvCnsvHQRiXyWliZF/CpytExp32UU67/SA==",
			"dev": true,
			"requires": {
				"data-uri-to-buffer": "^4.0.0",
				"fetch-blob": "^3.1.4",
				"formdata-polyfill": "^4.0.10"
			}
		},
		"sanctuary": {
			"version": "3.1.0",
			"resolved": "https://registry.npmjs.org/sanctuary/-/sanctuary-3.1.0.tgz",
			"integrity": "sha512-yTpWmslb5Q2jXcHYeIfCzJksIpe3pngBaFBDpjdPXONWyVSB3hBVDZZ8EmitohaMZqjLB+JREeEL0YOVtdxILA==",
			"requires": {
				"sanctuary-def": "0.22.0",
				"sanctuary-either": "2.1.0",
				"sanctuary-maybe": "2.1.0",
				"sanctuary-pair": "2.1.0",
				"sanctuary-show": "2.0.0",
				"sanctuary-type-classes": "12.1.0",
				"sanctuary-type-identifiers": "3.0.0"
			}
		},
		"sanctuary-def": {
			"version": "0.22.0",
			"resolved": "https://registry.npmjs.org/sanctuary-def/-/sanctuary-def-0.22.0.tgz",
			"integrity": "sha512-lywS27TfuPHzelMh6M1YWBcB//Lom4Gko/tGjKYbDPkPet1B5KplsSdjY+5sF4mwp6+PDUodsk/Y3Uskrc/ebw==",
			"requires": {
				"sanctuary-either": "2.1.0",
				"sanctuary-show": "2.0.0",
				"sanctuary-type-classes": "12.1.0",
				"sanctuary-type-identifiers": "3.0.0"
			}
		},
		"sanctuary-either": {
			"version": "2.1.0",
			"resolved": "https://registry.npmjs.org/sanctuary-either/-/sanctuary-either-2.1.0.tgz",
			"integrity": "sha512-AsQCma2yGAVS7Dlxme/09NZWQfcXBNylVmkuvarp8uOe9otSwClOgQyyePN2OxO4hTf3Au1Ck4ggm+97Je06kA==",
			"requires": {
				"sanctuary-show": "2.0.0",
				"sanctuary-type-classes": "12.1.0"
			}
		},
		"sanctuary-identity": {
			"version": "2.1.0",
			"resolved": "https://registry.npmjs.org/sanctuary-identity/-/sanctuary-identity-2.1.0.tgz",
			"integrity": "sha512-wAJBdEn1Oyv+grB4ouGv0P2eFfW+sWLlMTRq8JBKkXxc4VFbrU6VZvr3LCuPY95MH6zbKXZ38+aKhjFyf//cHw==",
			"dev": true,
			"requires": {
				"sanctuary-show": "2.0.0",
				"sanctuary-type-classes": "12.1.0"
			}
		},
		"sanctuary-maybe": {
			"version": "2.1.0",
			"resolved": "https://registry.npmjs.org/sanctuary-maybe/-/sanctuary-maybe-2.1.0.tgz",
			"integrity": "sha512-xCmvaEkYaIz5klWUrsgvgORKTL3bVYxATp7HyGBY0ZCu9tHJtSYDTpwnqMkRknHFIU986Kr2M/dJdiFvuc6UCQ==",
			"requires": {
				"sanctuary-show": "2.0.0",
				"sanctuary-type-classes": "12.1.0"
			}
		},
		"sanctuary-pair": {
			"version": "2.1.0",
			"resolved": "https://registry.npmjs.org/sanctuary-pair/-/sanctuary-pair-2.1.0.tgz",
			"integrity": "sha512-yY1JzzIJ/Ex7rjN8NmQLB7yv6GVzNeaMvxoYSW8w1ReLQI0n2sGOVCnAVipZuCv7wmfd+BavSXp59rklJeYytw==",
			"requires": {
				"sanctuary-show": "2.0.0",
				"sanctuary-type-classes": "12.1.0"
			}
		},
		"sanctuary-show": {
			"version": "2.0.0",
			"resolved": "https://registry.npmjs.org/sanctuary-show/-/sanctuary-show-2.0.0.tgz",
			"integrity": "sha512-REj4ZiioUXnDLj6EpJ9HcYDIEGaEexmB9Fg5o6InZR9f0x5PfnnC21QeU9SZ9E7G8zXSZPNjy8VRUK4safbesw=="
		},
		"sanctuary-type-classes": {
			"version": "12.1.0",
			"resolved": "https://registry.npmjs.org/sanctuary-type-classes/-/sanctuary-type-classes-12.1.0.tgz",
			"integrity": "sha512-oWP071Q88dEgJwxHLZp8tc7DoS+mWmYhYOuhP85zznPpIxV1ZjJfyRvcR59YCazyFxyFeBif7bJx1giLhDZW0Q==",
			"requires": {
				"sanctuary-type-identifiers": "3.0.0"
			}
		},
		"sanctuary-type-identifiers": {
			"version": "3.0.0",
			"resolved": "https://registry.npmjs.org/sanctuary-type-identifiers/-/sanctuary-type-identifiers-3.0.0.tgz",
			"integrity": "sha512-YFXYcG0Ura1dSPd/1xLYtE2XAWUEsBHhMTZvYBOvwT8MeFQwdUOCMm2DC+r94z6H93FVq0qxDac8/D7QpJj6Mg=="
		},
		"web-streams-polyfill": {
			"version": "3.2.0",
			"resolved": "https://registry.npmjs.org/web-streams-polyfill/-/web-streams-polyfill-3.2.0.tgz",
			"integrity": "sha512-EqPmREeOzttaLRm5HS7io98goBgZ7IVz79aDvqjD0kYXLtFZTc0T/U6wHTPKyIjb+MdN7DFIIX6hgdBEpWmfPA==",
			"dev": true
		}
	}
}
